// !$*UTF8*$!
{
	archiveVersion = 1;
	classes = {
	};
	objectVersion = 51;
	objects = {

/* Begin PBXBuildFile section */
		1653055825B2047600E0849F /* WeatherViewController.swift in Sources */ = {isa = PBXBuildFile; fileRef = 1653055725B2047600E0849F /* WeatherViewController.swift */; };
		1666639825B2E3B40020A47A /* GoogleService-Info.plist in Resources */ = {isa = PBXBuildFile; fileRef = 1666639725B2E3B40020A47A /* GoogleService-Info.plist */; };
		16906AF225B1EC55001379E1 /* AppDelegate.swift in Sources */ = {isa = PBXBuildFile; fileRef = 16906AF125B1EC55001379E1 /* AppDelegate.swift */; };
		16906AF425B1EC55001379E1 /* SceneDelegate.swift in Sources */ = {isa = PBXBuildFile; fileRef = 16906AF325B1EC55001379E1 /* SceneDelegate.swift */; };
		16906AF625B1EC55001379E1 /* ViewController.swift in Sources */ = {isa = PBXBuildFile; fileRef = 16906AF525B1EC55001379E1 /* ViewController.swift */; };
		16906AF925B1EC55001379E1 /* Main.storyboard in Resources */ = {isa = PBXBuildFile; fileRef = 16906AF725B1EC55001379E1 /* Main.storyboard */; };
		16906AFB25B1EC57001379E1 /* Assets.xcassets in Resources */ = {isa = PBXBuildFile; fileRef = 16906AFA25B1EC57001379E1 /* Assets.xcassets */; };
		16906AFE25B1EC57001379E1 /* LaunchScreen.storyboard in Resources */ = {isa = PBXBuildFile; fileRef = 16906AFC25B1EC57001379E1 /* LaunchScreen.storyboard */; };
		16906B0825B1EF61001379E1 /* Constants.swift in Sources */ = {isa = PBXBuildFile; fileRef = 16906B0725B1EF61001379E1 /* Constants.swift */; };
		16906B0C25B1F1DE001379E1 /* RegisterViewController.swift in Sources */ = {isa = PBXBuildFile; fileRef = 16906B0B25B1F1DE001379E1 /* RegisterViewController.swift */; };
		16906B1025B1F1E9001379E1 /* LoginViewController.swift in Sources */ = {isa = PBXBuildFile; fileRef = 16906B0F25B1F1E9001379E1 /* LoginViewController.swift */; };
		16C5B65A25B49D820001C201 /* Coordinate.swift in Sources */ = {isa = PBXBuildFile; fileRef = 16C5B65925B49D820001C201 /* Coordinate.swift */; };
		16C5B65E25B49E480001C201 /* UserServiceData.swift in Sources */ = {isa = PBXBuildFile; fileRef = 16C5B65D25B49E480001C201 /* UserServiceData.swift */; };
		16D68AD925B2BA8000E69FD6 /* WeatherManager.swift in Sources */ = {isa = PBXBuildFile; fileRef = 16D68AD825B2BA8000E69FD6 /* WeatherManager.swift */; };
		16D68AE025B2BCB000E69FD6 /* WeatherManagerDelegate.swift in Sources */ = {isa = PBXBuildFile; fileRef = 16D68ADF25B2BCB000E69FD6 /* WeatherManagerDelegate.swift */; };
		16D68AE325B2BCC900E69FD6 /* WeatherModel.swift in Sources */ = {isa = PBXBuildFile; fileRef = 16D68AE225B2BCC900E69FD6 /* WeatherModel.swift */; };
		16DB63E025B35247008394BF /* PlaceHelperVC.swift in Sources */ = {isa = PBXBuildFile; fileRef = 16DB63DE25B35247008394BF /* PlaceHelperVC.swift */; };
		16DB63E925B36B96008394BF /* PlaceHelperVC.xib in Resources */ = {isa = PBXBuildFile; fileRef = 16DB63E825B36B96008394BF /* PlaceHelperVC.xib */; };
		58438724E98C3D1250CAFF82 /* Pods_Weatherly.framework in Frameworks */ = {isa = PBXBuildFile; fileRef = E1E611CC601DFC44A3859B8F /* Pods_Weatherly.framework */; };
/* End PBXBuildFile section */

/* Begin PBXFileReference section */
		1653055725B2047600E0849F /* WeatherViewController.swift */ = {isa = PBXFileReference; lastKnownFileType = sourcecode.swift; path = WeatherViewController.swift; sourceTree = "<group>"; };
		1666639725B2E3B40020A47A /* GoogleService-Info.plist */ = {isa = PBXFileReference; fileEncoding = 4; lastKnownFileType = text.plist.xml; path = "GoogleService-Info.plist"; sourceTree = "<group>"; };
		16906AEE25B1EC55001379E1 /* Weatherly.app */ = {isa = PBXFileReference; explicitFileType = wrapper.application; includeInIndex = 0; path = Weatherly.app; sourceTree = BUILT_PRODUCTS_DIR; };
		16906AF125B1EC55001379E1 /* AppDelegate.swift */ = {isa = PBXFileReference; lastKnownFileType = sourcecode.swift; path = AppDelegate.swift; sourceTree = "<group>"; };
		16906AF325B1EC55001379E1 /* SceneDelegate.swift */ = {isa = PBXFileReference; lastKnownFileType = sourcecode.swift; path = SceneDelegate.swift; sourceTree = "<group>"; };
		16906AF525B1EC55001379E1 /* ViewController.swift */ = {isa = PBXFileReference; lastKnownFileType = sourcecode.swift; path = ViewController.swift; sourceTree = "<group>"; };
		16906AF825B1EC55001379E1 /* Base */ = {isa = PBXFileReference; lastKnownFileType = file.storyboard; name = Base; path = Base.lproj/Main.storyboard; sourceTree = "<group>"; };
		16906AFA25B1EC57001379E1 /* Assets.xcassets */ = {isa = PBXFileReference; lastKnownFileType = folder.assetcatalog; path = Assets.xcassets; sourceTree = "<group>"; };
		16906AFD25B1EC57001379E1 /* Base */ = {isa = PBXFileReference; lastKnownFileType = file.storyboard; name = Base; path = Base.lproj/LaunchScreen.storyboard; sourceTree = "<group>"; };
		16906AFF25B1EC57001379E1 /* Info.plist */ = {isa = PBXFileReference; lastKnownFileType = text.plist.xml; path = Info.plist; sourceTree = "<group>"; };
		16906B0725B1EF61001379E1 /* Constants.swift */ = {isa = PBXFileReference; lastKnownFileType = sourcecode.swift; path = Constants.swift; sourceTree = "<group>"; };
		16906B0B25B1F1DE001379E1 /* RegisterViewController.swift */ = {isa = PBXFileReference; lastKnownFileType = sourcecode.swift; path = RegisterViewController.swift; sourceTree = "<group>"; };
		16906B0F25B1F1E9001379E1 /* LoginViewController.swift */ = {isa = PBXFileReference; lastKnownFileType = sourcecode.swift; path = LoginViewController.swift; sourceTree = "<group>"; };
		16C5B65925B49D820001C201 /* Coordinate.swift */ = {isa = PBXFileReference; lastKnownFileType = sourcecode.swift; path = Coordinate.swift; sourceTree = "<group>"; };
		16C5B65D25B49E480001C201 /* UserServiceData.swift */ = {isa = PBXFileReference; lastKnownFileType = sourcecode.swift; path = UserServiceData.swift; sourceTree = "<group>"; };
		16D68AD825B2BA8000E69FD6 /* WeatherManager.swift */ = {isa = PBXFileReference; lastKnownFileType = sourcecode.swift; path = WeatherManager.swift; sourceTree = "<group>"; };
		16D68ADF25B2BCB000E69FD6 /* WeatherManagerDelegate.swift */ = {isa = PBXFileReference; lastKnownFileType = sourcecode.swift; path = WeatherManagerDelegate.swift; sourceTree = "<group>"; };
		16D68AE225B2BCC900E69FD6 /* WeatherModel.swift */ = {isa = PBXFileReference; lastKnownFileType = sourcecode.swift; path = WeatherModel.swift; sourceTree = "<group>"; };
		16DB63DE25B35247008394BF /* PlaceHelperVC.swift */ = {isa = PBXFileReference; lastKnownFileType = sourcecode.swift; path = PlaceHelperVC.swift; sourceTree = "<group>"; };
		16DB63E825B36B96008394BF /* PlaceHelperVC.xib */ = {isa = PBXFileReference; fileEncoding = 4; lastKnownFileType = file.xib; path = PlaceHelperVC.xib; sourceTree = "<group>"; };
		E08BBB17DCDF5A5B19EB836A /* Pods-Weatherly.debug.xcconfig */ = {isa = PBXFileReference; includeInIndex = 1; lastKnownFileType = text.xcconfig; name = "Pods-Weatherly.debug.xcconfig"; path = "Target Support Files/Pods-Weatherly/Pods-Weatherly.debug.xcconfig"; sourceTree = "<group>"; };
		E1E611CC601DFC44A3859B8F /* Pods_Weatherly.framework */ = {isa = PBXFileReference; explicitFileType = wrapper.framework; includeInIndex = 0; path = Pods_Weatherly.framework; sourceTree = BUILT_PRODUCTS_DIR; };
		F5EF57CA7DE0AC87111BDC54 /* Pods-Weatherly.release.xcconfig */ = {isa = PBXFileReference; includeInIndex = 1; lastKnownFileType = text.xcconfig; name = "Pods-Weatherly.release.xcconfig"; path = "Target Support Files/Pods-Weatherly/Pods-Weatherly.release.xcconfig"; sourceTree = "<group>"; };
/* End PBXFileReference section */

/* Begin PBXFrameworksBuildPhase section */
		16906AEB25B1EC55001379E1 /* Frameworks */ = {
			isa = PBXFrameworksBuildPhase;
			buildActionMask = 2147483647;
			files = (
				58438724E98C3D1250CAFF82 /* Pods_Weatherly.framework in Frameworks */,
			);
			runOnlyForDeploymentPostprocessing = 0;
		};
/* End PBXFrameworksBuildPhase section */

/* Begin PBXGroup section */
		160B99B725B4B10F00973CEC /* View */ = {
			isa = PBXGroup;
			children = (
				16906AFC25B1EC57001379E1 /* LaunchScreen.storyboard */,
				16906AF725B1EC55001379E1 /* Main.storyboard */,
				16DB63E825B36B96008394BF /* PlaceHelperVC.xib */,
			);
			path = View;
			sourceTree = "<group>";
		};
		16906AE525B1EC55001379E1 = {
			isa = PBXGroup;
			children = (
				16906AF025B1EC55001379E1 /* Weatherly */,
				16906AEF25B1EC55001379E1 /* Products */,
				478592CADE593991223BEF4A /* Pods */,
				971070846364F33278EEE4E1 /* Frameworks */,
			);
			sourceTree = "<group>";
		};
		16906AEF25B1EC55001379E1 /* Products */ = {
			isa = PBXGroup;
			children = (
				16906AEE25B1EC55001379E1 /* Weatherly.app */,
			);
			name = Products;
			sourceTree = "<group>";
		};
		16906AF025B1EC55001379E1 /* Weatherly */ = {
			isa = PBXGroup;
			children = (
				160B99B725B4B10F00973CEC /* View */,
				16C5B65C25B49E310001C201 /* Apis */,
				16D68AD725B2BA2300E69FD6 /* Model */,
				16906B0A25B1F1C3001379E1 /* Controller */,
				16906B0625B1EF4F001379E1 /* Utils */,
				16906AFA25B1EC57001379E1 /* Assets.xcassets */,
				16906AFF25B1EC57001379E1 /* Info.plist */,
			);
			path = Weatherly;
			sourceTree = "<group>";
		};
		16906B0625B1EF4F001379E1 /* Utils */ = {
			isa = PBXGroup;
			children = (
				16906AF325B1EC55001379E1 /* SceneDelegate.swift */,
				16906AF125B1EC55001379E1 /* AppDelegate.swift */,
				1666639725B2E3B40020A47A /* GoogleService-Info.plist */,
				16906B0725B1EF61001379E1 /* Constants.swift */,
			);
			path = Utils;
			sourceTree = "<group>";
		};
		16906B0A25B1F1C3001379E1 /* Controller */ = {
			isa = PBXGroup;
			children = (
				16906AF525B1EC55001379E1 /* ViewController.swift */,
				16906B0B25B1F1DE001379E1 /* RegisterViewController.swift */,
				16906B0F25B1F1E9001379E1 /* LoginViewController.swift */,
				1653055725B2047600E0849F /* WeatherViewController.swift */,
				16DB63DE25B35247008394BF /* PlaceHelperVC.swift */,
			);
			path = Controller;
			sourceTree = "<group>";
		};
		16C5B65C25B49E310001C201 /* Apis */ = {
			isa = PBXGroup;
			children = (
				16D68AD825B2BA8000E69FD6 /* WeatherManager.swift */,
				16C5B65D25B49E480001C201 /* UserServiceData.swift */,
			);
			path = Apis;
			sourceTree = "<group>";
		};
		16D68AD725B2BA2300E69FD6 /* Model */ = {
			isa = PBXGroup;
			children = (
				16D68ADF25B2BCB000E69FD6 /* WeatherManagerDelegate.swift */,
				16D68AE225B2BCC900E69FD6 /* WeatherModel.swift */,
				16C5B65925B49D820001C201 /* Coordinate.swift */,
			);
			path = Model;
			sourceTree = "<group>";
		};
		478592CADE593991223BEF4A /* Pods */ = {
			isa = PBXGroup;
			children = (
				E08BBB17DCDF5A5B19EB836A /* Pods-Weatherly.debug.xcconfig */,
				F5EF57CA7DE0AC87111BDC54 /* Pods-Weatherly.release.xcconfig */,
			);
			path = Pods;
			sourceTree = "<group>";
		};
		971070846364F33278EEE4E1 /* Frameworks */ = {
			isa = PBXGroup;
			children = (
				E1E611CC601DFC44A3859B8F /* Pods_Weatherly.framework */,
			);
			name = Frameworks;
			sourceTree = "<group>";
		};
/* End PBXGroup section */

/* Begin PBXNativeTarget section */
		16906AED25B1EC55001379E1 /* Weatherly */ = {
			isa = PBXNativeTarget;
			buildConfigurationList = 16906B0225B1EC57001379E1 /* Build configuration list for PBXNativeTarget "Weatherly" */;
			buildPhases = (
				D1E4F037D39980693BA2118B /* [CP] Check Pods Manifest.lock */,
				16906AEA25B1EC55001379E1 /* Sources */,
				16906AEB25B1EC55001379E1 /* Frameworks */,
				16906AEC25B1EC55001379E1 /* Resources */,
				0DEBBB8158422DDFA77EFC02 /* [CP] Embed Pods Frameworks */,
			);
			buildRules = (
			);
			dependencies = (
			);
			name = Weatherly;
			productName = Weatherly;
			productReference = 16906AEE25B1EC55001379E1 /* Weatherly.app */;
			productType = "com.apple.product-type.application";
		};
/* End PBXNativeTarget section */

/* Begin PBXProject section */
		16906AE625B1EC55001379E1 /* Project object */ = {
			isa = PBXProject;
			attributes = {
				LastSwiftUpdateCheck = 1200;
				LastUpgradeCheck = 1200;
				TargetAttributes = {
					16906AED25B1EC55001379E1 = {
						CreatedOnToolsVersion = 12.0;
					};
				};
			};
			buildConfigurationList = 16906AE925B1EC55001379E1 /* Build configuration list for PBXProject "Weatherly" */;
			compatibilityVersion = "Xcode 9.3";
			developmentRegion = en;
			hasScannedForEncodings = 0;
			knownRegions = (
				en,
				Base,
			);
			mainGroup = 16906AE525B1EC55001379E1;
			productRefGroup = 16906AEF25B1EC55001379E1 /* Products */;
			projectDirPath = "";
			projectRoot = "";
			targets = (
				16906AED25B1EC55001379E1 /* Weatherly */,
			);
		};
/* End PBXProject section */

/* Begin PBXResourcesBuildPhase section */
		16906AEC25B1EC55001379E1 /* Resources */ = {
			isa = PBXResourcesBuildPhase;
			buildActionMask = 2147483647;
			files = (
				16906AFE25B1EC57001379E1 /* LaunchScreen.storyboard in Resources */,
				1666639825B2E3B40020A47A /* GoogleService-Info.plist in Resources */,
				16906AFB25B1EC57001379E1 /* Assets.xcassets in Resources */,
				16906AF925B1EC55001379E1 /* Main.storyboard in Resources */,
				16DB63E925B36B96008394BF /* PlaceHelperVC.xib in Resources */,
			);
			runOnlyForDeploymentPostprocessing = 0;
		};
/* End PBXResourcesBuildPhase section */

/* Begin PBXShellScriptBuildPhase section */
		0DEBBB8158422DDFA77EFC02 /* [CP] Embed Pods Frameworks */ = {
			isa = PBXShellScriptBuildPhase;
			buildActionMask = 2147483647;
			files = (
			);
			inputFileListPaths = (
				"${PODS_ROOT}/Target Support Files/Pods-Weatherly/Pods-Weatherly-frameworks-${CONFIGURATION}-input-files.xcfilelist",
			);
			name = "[CP] Embed Pods Frameworks";
			outputFileListPaths = (
				"${PODS_ROOT}/Target Support Files/Pods-Weatherly/Pods-Weatherly-frameworks-${CONFIGURATION}-output-files.xcfilelist",
			);
			runOnlyForDeploymentPostprocessing = 0;
			shellPath = /bin/sh;
			shellScript = "\"${PODS_ROOT}/Target Support Files/Pods-Weatherly/Pods-Weatherly-frameworks.sh\"\n";
			showEnvVarsInLog = 0;
		};
		D1E4F037D39980693BA2118B /* [CP] Check Pods Manifest.lock */ = {
			isa = PBXShellScriptBuildPhase;
			buildActionMask = 2147483647;
			files = (
			);
			inputFileListPaths = (
			);
			inputPaths = (
				"${PODS_PODFILE_DIR_PATH}/Podfile.lock",
				"${PODS_ROOT}/Manifest.lock",
			);
			name = "[CP] Check Pods Manifest.lock";
			outputFileListPaths = (
			);
			outputPaths = (
				"$(DERIVED_FILE_DIR)/Pods-Weatherly-checkManifestLockResult.txt",
			);
			runOnlyForDeploymentPostprocessing = 0;
			shellPath = /bin/sh;
			shellScript = "diff \"${PODS_PODFILE_DIR_PATH}/Podfile.lock\" \"${PODS_ROOT}/Manifest.lock\" > /dev/null\nif [ $? != 0 ] ; then\n    # print error to STDERR\n    echo \"error: The sandbox is not in sync with the Podfile.lock. Run 'pod install' or update your CocoaPods installation.\" >&2\n    exit 1\nfi\n# This output is used by Xcode 'outputs' to avoid re-running this script phase.\necho \"SUCCESS\" > \"${SCRIPT_OUTPUT_FILE_0}\"\n";
			showEnvVarsInLog = 0;
		};
/* End PBXShellScriptBuildPhase section */

/* Begin PBXSourcesBuildPhase section */
		16906AEA25B1EC55001379E1 /* Sources */ = {
			isa = PBXSourcesBuildPhase;
			buildActionMask = 2147483647;
			files = (
				16906B1025B1F1E9001379E1 /* LoginViewController.swift in Sources */,
				16906AF625B1EC55001379E1 /* ViewController.swift in Sources */,
				16D68AD925B2BA8000E69FD6 /* WeatherManager.swift in Sources */,
				16D68AE025B2BCB000E69FD6 /* WeatherManagerDelegate.swift in Sources */,
				16DB63E025B35247008394BF /* PlaceHelperVC.swift in Sources */,
				16906B0C25B1F1DE001379E1 /* RegisterViewController.swift in Sources */,
				16906AF225B1EC55001379E1 /* AppDelegate.swift in Sources */,
				1653055825B2047600E0849F /* WeatherViewController.swift in Sources */,
				16906AF425B1EC55001379E1 /* SceneDelegate.swift in Sources */,
				16C5B65A25B49D820001C201 /* Coordinate.swift in Sources */,
				16906B0825B1EF61001379E1 /* Constants.swift in Sources */,
				16C5B65E25B49E480001C201 /* UserServiceData.swift in Sources */,
				16D68AE325B2BCC900E69FD6 /* WeatherModel.swift in Sources */,
			);
			runOnlyForDeploymentPostprocessing = 0;
		};
/* End PBXSourcesBuildPhase section */

/* Begin PBXVariantGroup section */
		16906AF725B1EC55001379E1 /* Main.storyboard */ = {
			isa = PBXVariantGroup;
			children = (
				16906AF825B1EC55001379E1 /* Base */,
			);
			name = Main.storyboard;
			sourceTree = "<group>";
		};
		16906AFC25B1EC57001379E1 /* LaunchScreen.storyboard */ = {
			isa = PBXVariantGroup;
			children = (
				16906AFD25B1EC57001379E1 /* Base */,
			);
			name = LaunchScreen.storyboard;
			sourceTree = "<group>";
		};
/* End PBXVariantGroup section */

/* Begin XCBuildConfiguration section */
		16906B0025B1EC57001379E1 /* Debug */ = {
			isa = XCBuildConfiguration;
			buildSettings = {
				ALWAYS_SEARCH_USER_PATHS = NO;
				CLANG_ANALYZER_NONNULL = YES;
				CLANG_ANALYZER_NUMBER_OBJECT_CONVERSION = YES_AGGRESSIVE;
				CLANG_CXX_LANGUAGE_STANDARD = "gnu++14";
				CLANG_CXX_LIBRARY = "libc++";
				CLANG_ENABLE_MODULES = YES;
				CLANG_ENABLE_OBJC_ARC = YES;
				CLANG_ENABLE_OBJC_WEAK = YES;
				CLANG_WARN_BLOCK_CAPTURE_AUTORELEASING = YES;
				CLANG_WARN_BOOL_CONVERSION = YES;
				CLANG_WARN_COMMA = YES;
				CLANG_WARN_CONSTANT_CONVERSION = YES;
				CLANG_WARN_DEPRECATED_OBJC_IMPLEMENTATIONS = YES;
				CLANG_WARN_DIRECT_OBJC_ISA_USAGE = YES_ERROR;
				CLANG_WARN_DOCUMENTATION_COMMENTS = YES;
				CLANG_WARN_EMPTY_BODY = YES;
				CLANG_WARN_ENUM_CONVERSION = YES;
				CLANG_WARN_INFINITE_RECURSION = YES;
				CLANG_WARN_INT_CONVERSION = YES;
				CLANG_WARN_NON_LITERAL_NULL_CONVERSION = YES;
				CLANG_WARN_OBJC_IMPLICIT_RETAIN_SELF = YES;
				CLANG_WARN_OBJC_LITERAL_CONVERSION = YES;
				CLANG_WARN_OBJC_ROOT_CLASS = YES_ERROR;
				CLANG_WARN_QUOTED_INCLUDE_IN_FRAMEWORK_HEADER = YES;
				CLANG_WARN_RANGE_LOOP_ANALYSIS = YES;
				CLANG_WARN_STRICT_PROTOTYPES = YES;
				CLANG_WARN_SUSPICIOUS_MOVE = YES;
				CLANG_WARN_UNGUARDED_AVAILABILITY = YES_AGGRESSIVE;
				CLANG_WARN_UNREACHABLE_CODE = YES;
				CLANG_WARN__DUPLICATE_METHOD_MATCH = YES;
				COPY_PHASE_STRIP = NO;
				DEBUG_INFORMATION_FORMAT = dwarf;
				ENABLE_STRICT_OBJC_MSGSEND = YES;
				ENABLE_TESTABILITY = YES;
				GCC_C_LANGUAGE_STANDARD = gnu11;
				GCC_DYNAMIC_NO_PIC = NO;
				GCC_NO_COMMON_BLOCKS = YES;
				GCC_OPTIMIZATION_LEVEL = 0;
				GCC_PREPROCESSOR_DEFINITIONS = (
					"DEBUG=1",
					"$(inherited)",
				);
				GCC_WARN_64_TO_32_BIT_CONVERSION = YES;
				GCC_WARN_ABOUT_RETURN_TYPE = YES_ERROR;
				GCC_WARN_UNDECLARED_SELECTOR = YES;
				GCC_WARN_UNINITIALIZED_AUTOS = YES_AGGRESSIVE;
				GCC_WARN_UNUSED_FUNCTION = YES;
				GCC_WARN_UNUSED_VARIABLE = YES;
				IPHONEOS_DEPLOYMENT_TARGET = 14.0;
				MTL_ENABLE_DEBUG_INFO = INCLUDE_SOURCE;
				MTL_FAST_MATH = YES;
				ONLY_ACTIVE_ARCH = YES;
				SDKROOT = iphoneos;
				SWIFT_ACTIVE_COMPILATION_CONDITIONS = DEBUG;
				SWIFT_OPTIMIZATION_LEVEL = "-Onone";
			};
			name = Debug;
		};
		16906B0125B1EC57001379E1 /* Release */ = {
			isa = XCBuildConfiguration;
			buildSettings = {
				ALWAYS_SEARCH_USER_PATHS = NO;
				CLANG_ANALYZER_NONNULL = YES;
				CLANG_ANALYZER_NUMBER_OBJECT_CONVERSION = YES_AGGRESSIVE;
				CLANG_CXX_LANGUAGE_STANDARD = "gnu++14";
				CLANG_CXX_LIBRARY = "libc++";
				CLANG_ENABLE_MODULES = YES;
				CLANG_ENABLE_OBJC_ARC = YES;
				CLANG_ENABLE_OBJC_WEAK = YES;
				CLANG_WARN_BLOCK_CAPTURE_AUTORELEASING = YES;
				CLANG_WARN_BOOL_CONVERSION = YES;
				CLANG_WARN_COMMA = YES;
				CLANG_WARN_CONSTANT_CONVERSION = YES;
				CLANG_WARN_DEPRECATED_OBJC_IMPLEMENTATIONS = YES;
				CLANG_WARN_DIRECT_OBJC_ISA_USAGE = YES_ERROR;
				CLANG_WARN_DOCUMENTATION_COMMENTS = YES;
				CLANG_WARN_EMPTY_BODY = YES;
				CLANG_WARN_ENUM_CONVERSION = YES;
				CLANG_WARN_INFINITE_RECURSION = YES;
				CLANG_WARN_INT_CONVERSION = YES;
				CLANG_WARN_NON_LITERAL_NULL_CONVERSION = YES;
				CLANG_WARN_OBJC_IMPLICIT_RETAIN_SELF = YES;
				CLANG_WARN_OBJC_LITERAL_CONVERSION = YES;
				CLANG_WARN_OBJC_ROOT_CLASS = YES_ERROR;
				CLANG_WARN_QUOTED_INCLUDE_IN_FRAMEWORK_HEADER = YES;
				CLANG_WARN_RANGE_LOOP_ANALYSIS = YES;
				CLANG_WARN_STRICT_PROTOTYPES = YES;
				CLANG_WARN_SUSPICIOUS_MOVE = YES;
				CLANG_WARN_UNGUARDED_AVAILABILITY = YES_AGGRESSIVE;
				CLANG_WARN_UNREACHABLE_CODE = YES;
				CLANG_WARN__DUPLICATE_METHOD_MATCH = YES;
				COPY_PHASE_STRIP = NO;
				DEBUG_INFORMATION_FORMAT = "dwarf-with-dsym";
				ENABLE_NS_ASSERTIONS = NO;
				ENABLE_STRICT_OBJC_MSGSEND = YES;
				GCC_C_LANGUAGE_STANDARD = gnu11;
				GCC_NO_COMMON_BLOCKS = YES;
				GCC_WARN_64_TO_32_BIT_CONVERSION = YES;
				GCC_WARN_ABOUT_RETURN_TYPE = YES_ERROR;
				GCC_WARN_UNDECLARED_SELECTOR = YES;
				GCC_WARN_UNINITIALIZED_AUTOS = YES_AGGRESSIVE;
				GCC_WARN_UNUSED_FUNCTION = YES;
				GCC_WARN_UNUSED_VARIABLE = YES;
				IPHONEOS_DEPLOYMENT_TARGET = 14.0;
				MTL_ENABLE_DEBUG_INFO = NO;
				MTL_FAST_MATH = YES;
				SDKROOT = iphoneos;
				SWIFT_COMPILATION_MODE = wholemodule;
				SWIFT_OPTIMIZATION_LEVEL = "-O";
				VALIDATE_PRODUCT = YES;
			};
			name = Release;
		};
		16906B0325B1EC57001379E1 /* Debug */ = {
			isa = XCBuildConfiguration;
			baseConfigurationReference = E08BBB17DCDF5A5B19EB836A /* Pods-Weatherly.debug.xcconfig */;
			buildSettings = {
				ASSETCATALOG_COMPILER_APPICON_NAME = AppIcon;
				ASSETCATALOG_COMPILER_GLOBAL_ACCENT_COLOR_NAME = AccentColor;
				CODE_SIGN_STYLE = Automatic;
				DEVELOPMENT_TEAM = H37Y73D229;
				INFOPLIST_FILE = Weatherly/Info.plist;
				LD_RUNPATH_SEARCH_PATHS = (
					"$(inherited)",
					"@executable_path/Frameworks",
				);
				PRODUCT_BUNDLE_IDENTIFIER = com.anshuvij.WeatherlyiOS;
				PRODUCT_NAME = "$(TARGET_NAME)";
				SWIFT_VERSION = 5.0;
				TARGETED_DEVICE_FAMILY = "1,2";
			};
			name = Debug;
		};
		16906B0425B1EC57001379E1 /* Release */ = {
			isa = XCBuildConfiguration;
			baseConfigurationReference = F5EF57CA7DE0AC87111BDC54 /* Pods-Weatherly.release.xcconfig */;
			buildSettings = {
				ASSETCATALOG_COMPILER_APPICON_NAME = AppIcon;
				ASSETCATALOG_COMPILER_GLOBAL_ACCENT_COLOR_NAME = AccentColor;
				CODE_SIGN_STYLE = Automatic;
				DEVELOPMENT_TEAM = H37Y73D229;
				INFOPLIST_FILE = Weatherly/Info.plist;
				LD_RUNPATH_SEARCH_PATHS = (
					"$(inherited)",
					"@executable_path/Frameworks",
				);
				PRODUCT_BUNDLE_IDENTIFIER = com.anshuvij.WeatherlyiOS;
				PRODUCT_NAME = "$(TARGET_NAME)";
				SWIFT_VERSION = 5.0;
				TARGETED_DEVICE_FAMILY = "1,2";
			};
			name = Release;
		};
/* End XCBuildConfiguration section */

/* Begin XCConfigurationList section */
		16906AE925B1EC55001379E1 /* Build configuration list for PBXProject "Weatherly" */ = {
			isa = XCConfigurationList;
			buildConfigurations = (
				16906B0025B1EC57001379E1 /* Debug */,
				16906B0125B1EC57001379E1 /* Release */,
			);
			defaultConfigurationIsVisible = 0;
			defaultConfigurationName = Release;
		};
		16906B0225B1EC57001379E1 /* Build configuration list for PBXNativeTarget "Weatherly" */ = {
			isa = XCConfigurationList;
			buildConfigurations = (
				16906B0325B1EC57001379E1 /* Debug */,
				16906B0425B1EC57001379E1 /* Release */,
			);
			defaultConfigurationIsVisible = 0;
			defaultConfigurationName = Release;
		};
/* End XCConfigurationList section */
	};
	rootObject = 16906AE625B1EC55001379E1 /* Project object */;
}
